
Microsoft Visual Studio Solution File, Format Version 12.00
# Visual Studio Version 16
VisualStudioVersion = 16.0.29306.81
MinimumVisualStudioVersion = 10.0.40219.1
Project("{9A19103F-16F7-4668-BE54-9A1E7A4F7556}") = "Alpid", "Alpid\Alpid.csproj", "{3CA2A2B2-8E78-4000-B6F7-02949743953C}"
EndProject
Global
	GlobalSection(SolutionConfigurationPlatforms) = preSolution
		Debug|Any CPU = Debug|Any CPU
		Release|Any CPU = Release|Any CPU
	EndGlobalSection
	GlobalSection(ProjectConfigurationPlatforms) = postSolution
		{3CA2A2B2-8E78-4000-B6F7-02949743953C}.Debug|Any CPU.ActiveCfg = Debug|Any CPU
		{3CA2A2B2-8E78-4000-B6F7-02949743953C}.Debug|Any CPU.Build.0 = Debug|Any CPU
		{3CA2A2B2-8E78-4000-B6F7-02949743953C}.Release|Any CPU.ActiveCfg = Debug|Any CPU
		{3CA2A2B2-8E78-4000-B6F7-02949743953C}.Release|Any CPU.Build.0 = Debug|Any CPU
	EndGlobalSection
	GlobalSection(SolutionProperties) = preSolution
		HideSolutionNode = FALSE
	EndGlobalSection
	GlobalSection(ExtensibilityGlobals) = postSolution
		SolutionGuid = {CDAECBA2-6BAF-41DA-A391-6302E5C4AB6D}
	EndGlobalSection
EndGlobal
